
Microsoft Visual Studio Solution File, Format Version 12.00
# Visual Studio Version 17
VisualStudioVersion = 17.0.31903.59
MinimumVisualStudioVersion = 10.0.40219.1
Project("{FAE04EC0-301F-11D3-BF4B-00C04F79EFBC}") = "ButterflyStore.Server", "ButterflyStore.Server\ButterflyStore.Server.csproj", "{66C00113-CB94-4945-9140-0ACD1E05DEE8}"
EndProject
Project("{FAE04EC0-301F-11D3-BF4B-00C04F79EFBC}") = "ButterflyStore.Data", "ButterflyStore.Data\ButterflyStore.Data.csproj", "{7FF0AE39-F881-4DC1-B5D6-BC55707FAB6E}"
EndProject
Project("{FAE04EC0-301F-11D3-BF4B-00C04F79EFBC}") = "ButterflyStore.Shared", "ButterflyStore.Shared\ButterflyStore.Shared.csproj", "{03B7BEAC-BA46-462F-A466-BFF5A5AF47CB}"
EndProject
Project("{FAE04EC0-301F-11D3-BF4B-00C04F79EFBC}") = "ButterflyStore.Client", "ButterflyStore.Client\ButterflyStore.Client.csproj", "{C63F1A21-2326-4073-AED6-CDC4532E0A23}"
EndProject
Global
	GlobalSection(SolutionConfigurationPlatforms) = preSolution
		Debug|Any CPU = Debug|Any CPU
		Release|Any CPU = Release|Any CPU
	EndGlobalSection
	GlobalSection(SolutionProperties) = preSolution
		HideSolutionNode = FALSE
	EndGlobalSection
	GlobalSection(ProjectConfigurationPlatforms) = postSolution
		{66C00113-CB94-4945-9140-0ACD1E05DEE8}.Debug|Any CPU.ActiveCfg = Debug|Any CPU
		{66C00113-CB94-4945-9140-0ACD1E05DEE8}.Debug|Any CPU.Build.0 = Debug|Any CPU
		{66C00113-CB94-4945-9140-0ACD1E05DEE8}.Release|Any CPU.ActiveCfg = Release|Any CPU
		{66C00113-CB94-4945-9140-0ACD1E05DEE8}.Release|Any CPU.Build.0 = Release|Any CPU
		{7FF0AE39-F881-4DC1-B5D6-BC55707FAB6E}.Debug|Any CPU.ActiveCfg = Debug|Any CPU
		{7FF0AE39-F881-4DC1-B5D6-BC55707FAB6E}.Debug|Any CPU.Build.0 = Debug|Any CPU
		{7FF0AE39-F881-4DC1-B5D6-BC55707FAB6E}.Release|Any CPU.ActiveCfg = Release|Any CPU
		{7FF0AE39-F881-4DC1-B5D6-BC55707FAB6E}.Release|Any CPU.Build.0 = Release|Any CPU
		{03B7BEAC-BA46-462F-A466-BFF5A5AF47CB}.Debug|Any CPU.ActiveCfg = Debug|Any CPU
		{03B7BEAC-BA46-462F-A466-BFF5A5AF47CB}.Debug|Any CPU.Build.0 = Debug|Any CPU
		{03B7BEAC-BA46-462F-A466-BFF5A5AF47CB}.Release|Any CPU.ActiveCfg = Release|Any CPU
		{03B7BEAC-BA46-462F-A466-BFF5A5AF47CB}.Release|Any CPU.Build.0 = Release|Any CPU
		{C63F1A21-2326-4073-AED6-CDC4532E0A23}.Debug|Any CPU.ActiveCfg = Debug|Any CPU
		{C63F1A21-2326-4073-AED6-CDC4532E0A23}.Debug|Any CPU.Build.0 = Debug|Any CPU
		{C63F1A21-2326-4073-AED6-CDC4532E0A23}.Release|Any CPU.ActiveCfg = Release|Any CPU
		{C63F1A21-2326-4073-AED6-CDC4532E0A23}.Release|Any CPU.Build.0 = Release|Any CPU
	EndGlobalSection
EndGlobal
